
Microsoft Visual Studio Solution File, Format Version 12.00
# Visual Studio Version 17
VisualStudioVersion = 17.2.32526.322
MinimumVisualStudioVersion = 10.0.40219.1
Project("{FAE04EC0-301F-11D3-BF4B-00C04F79EFBC}") = "TodoListWasm", "TodoListWasm\TodoListWasm.csproj", "{DF3536E7-AC58-443E-A93C-F907058DF3BB}"
EndProject
Global
	GlobalSection(SolutionConfigurationPlatforms) = preSolution
		Debug|Any CPU = Debug|Any CPU
		Release|Any CPU = Release|Any CPU
	EndGlobalSection
	GlobalSection(ProjectConfigurationPlatforms) = postSolution
		{DF3536E7-AC58-443E-A93C-F907058DF3BB}.Debug|Any CPU.ActiveCfg = Debug|Any CPU
		{DF3536E7-AC58-443E-A93C-F907058DF3BB}.Debug|Any CPU.Build.0 = Debug|Any CPU
		{DF3536E7-AC58-443E-A93C-F907058DF3BB}.Release|Any CPU.ActiveCfg = Release|Any CPU
		{DF3536E7-AC58-443E-A93C-F907058DF3BB}.Release|Any CPU.Build.0 = Release|Any CPU
	EndGlobalSection
	GlobalSection(SolutionProperties) = preSolution
		HideSolutionNode = FALSE
	EndGlobalSection
	GlobalSection(ExtensibilityGlobals) = postSolution
		SolutionGuid = {87232797-F789-4E4D-A304-EE1BCD5D57A5}
	EndGlobalSection
EndGlobal
